{
  "name": "odd",
  "version": "0.3.6",
  "lockfileVersion": 2,
  "requires": true,
  "packages": {
    "": {
      "name": "odd",
      "version": "0.3.6",
      "license": "MIT",
      "devDependencies": {
        "@types/node": "^14.14.37",
        "typescript": "^5.0.0-dev.20230220"
      }
    },
    "node_modules/@types/node": {
      "version": "14.14.37",
      "resolved": "https://registry.npmjs.org/@types/node/-/node-14.14.37.tgz",
      "integrity": "sha512-XYmBiy+ohOR4Lh5jE379fV2IU+6Jn4g5qASinhitfyO71b/sCo6MKsMLF5tc7Zf2CE8hViVQyYSobJNke8OvUw==",
      "dev": true
    },
    "node_modules/typescript": {
      "version": "5.0.0-dev.20230220",
      "resolved": "https://registry.npmjs.org/typescript/-/typescript-5.0.0-dev.20230220.tgz",
      "integrity": "sha512-Mz8+qrRqafbke4GCbwkWfbQ7oVUOvySQyt6kv0qoxl1fGKsIMqG/WB+w3zrjeUM9koD8/Tybpi9AGmlz665tEA==",
      "dev": true,
      "bin": {
        "tsc": "bin/tsc",
        "tsserver": "bin/tsserver"
      },
      "engines": {
        "node": ">=4.2.0"
      }
    }
  },
  "dependencies": {
    "@types/node": {
      "version": "14.14.37",
      "resolved": "https://registry.npmjs.org/@types/node/-/node-14.14.37.tgz",
      "integrity": "sha512-XYmBiy+ohOR4Lh5jE379fV2IU+6Jn4g5qASinhitfyO71b/sCo6MKsMLF5tc7Zf2CE8hViVQyYSobJNke8OvUw==",
      "dev": true
    },
    "typescript": {
      "version": "5.0.0-dev.20230220",
      "resolved": "https://registry.npmjs.org/typescript/-/typescript-5.0.0-dev.20230220.tgz",
      "integrity": "sha512-Mz8+qrRqafbke4GCbwkWfbQ7oVUOvySQyt6kv0qoxl1fGKsIMqG/WB+w3zrjeUM9koD8/Tybpi9AGmlz665tEA==",
      "dev": true
    }
  }
}
