# THIS IS AN AUTOGENERATED FILE. DO NOT EDIT THIS FILE DIRECTLY.
# yarn lockfile v1


"@types/bun@^1.1.1":
  version "1.1.1"
  resolved "https://registry.yarnpkg.com/@types/bun/-/bun-1.1.1.tgz#f3ec72c7645a267cae5684b14a0d107c9dc96e89"
  integrity sha512-lUe9rLMhgDCViciZtgDj5CMl2u7uTq/IP149kSZH/Si6FWkCioximABFf+baRQgbm8QlH4bzT0qJRteQFNqeGA==
  dependencies:
    bun-types "1.1.6"

"@types/node@*":
  version "20.12.10"
  resolved "https://registry.yarnpkg.com/@types/node/-/node-20.12.10.tgz#8f0c3f12b0f075eee1fe20c1afb417e9765bef76"
  integrity sha512-Eem5pH9pmWBHoGAT8Dr5fdc5rYA+4NAovdM4EktRPVAAiJhmWWfQrA0cFhAbOsQdSfIHjAud6YdkbL69+zSKjw==
  dependencies:
    undici-types "~5.26.4"

"@types/node@~20.11.3":
  version "20.11.30"
  resolved "https://registry.yarnpkg.com/@types/node/-/node-20.11.30.tgz#9c33467fc23167a347e73834f788f4b9f399d66f"
  integrity sha512-dHM6ZxwlmuZaRmUPfv1p+KrdD1Dci04FbdEm/9wEMouFqxYoFl5aMkt0VMAUtYRQDyYvD41WJLukhq/ha3YuTw==
  dependencies:
    undici-types "~5.26.4"

"@types/ws@~8.5.10":
  version "8.5.10"
  resolved "https://registry.yarnpkg.com/@types/ws/-/ws-8.5.10.tgz#4acfb517970853fa6574a3a6886791d04a396787"
  integrity sha512-vmQSUcfalpIq0R9q7uTo2lXs6eGIpt9wtnLdMv9LVpIjCA/+ufZRozlVoVelIYixx1ugCBKDhn89vnsEGOCx9A==
  dependencies:
    "@types/node" "*"

bun-types@1.1.6:
  version "1.1.6"
  resolved "https://registry.yarnpkg.com/bun-types/-/bun-types-1.1.6.tgz#6d053b5d580ae3c4dcfc3a4870ceb19fcdc84333"
  integrity sha512-LK2aaJdBBTUkDyN+kRiJHLF3VGrAcdkEHrbBvbmTkccShPw6ZalxxKjWSBJwn4UkikhZdrdA87bZWmfUgkRUYg==
  dependencies:
    "@types/node" "~20.11.3"
    "@types/ws" "~8.5.10"

typescript@^5.4.5:
  version "5.4.5"
  resolved "https://registry.yarnpkg.com/typescript/-/typescript-5.4.5.tgz#42ccef2c571fdbd0f6718b1d1f5e6e5ef006f611"
  integrity sha512-vcI4UpRgg81oIRUFwR0WSIHKt11nJ7SAVlYNIu+QpqeyXP+gpQJy/Z4+F0aGxSE4MqwjyXvW/TzgkLAx2AGHwQ==

undici-types@~5.26.4:
  version "5.26.5"
  resolved "https://registry.npmjs.org/undici-types/-/undici-types-5.26.5.tgz"
  integrity sha512-JlCMO+ehdEIKqlFxk6IfVoAUVmgz7cU7zD/h9XZ0qzeosSHmUJVOzSQvvYSYWXkFXC+IfLKSIffhv0sVZup6pA==
